
Microsoft Visual Studio Solution File, Format Version 12.00
# Visual Studio Version 17
VisualStudioVersion = 17.14.36212.18
MinimumVisualStudioVersion = 10.0.40219.1
Project("{FAE04EC0-301F-11D3-BF4B-00C04F79EFBC}") = "Tournament.Api", "Tournament.Api\Tournament.Api.csproj", "{EBA95D46-CD17-4AE6-9F3D-96BC9CEE7616}"
EndProject
Project("{FAE04EC0-301F-11D3-BF4B-00C04F79EFBC}") = "Tournament.Core", "Tournament.Core\Tournament.Core.csproj", "{DDC27DD7-A819-4FF5-87D6-962DA5DF072E}"
EndProject
Project("{FAE04EC0-301F-11D3-BF4B-00C04F79EFBC}") = "Tournament.Data", "Tournament.Data\Tournament.Data.csproj", "{38C7BA11-78D9-4D66-999B-BF4951BECF83}"
EndProject
Project("{FAE04EC0-301F-11D3-BF4B-00C04F79EFBC}") = "Tournament.Services", "Tournament.Services\Tournament.Services.csproj", "{EC733AE5-A381-4E4F-8045-EFE00DAA4C4D}"
EndProject
Project("{FAE04EC0-301F-11D3-BF4B-00C04F79EFBC}") = "Services.Contracts", "Tournament.Contracts\Services.Contracts.csproj", "{17336377-8FE9-4107-991F-60835B0AAE67}"
EndProject
Project("{FAE04EC0-301F-11D3-BF4B-00C04F79EFBC}") = "Tournaments.Presentation", "Tournaments.Presentation\Tournaments.Presentation.csproj", "{C899B4E6-2B55-41C3-BFF5-2CCE21BE7C71}"
EndProject
Global
	GlobalSection(SolutionConfigurationPlatforms) = preSolution
		Debug|Any CPU = Debug|Any CPU
		Release|Any CPU = Release|Any CPU
	EndGlobalSection
	GlobalSection(ProjectConfigurationPlatforms) = postSolution
		{EBA95D46-CD17-4AE6-9F3D-96BC9CEE7616}.Debug|Any CPU.ActiveCfg = Debug|Any CPU
		{EBA95D46-CD17-4AE6-9F3D-96BC9CEE7616}.Debug|Any CPU.Build.0 = Debug|Any CPU
		{EBA95D46-CD17-4AE6-9F3D-96BC9CEE7616}.Release|Any CPU.ActiveCfg = Release|Any CPU
		{EBA95D46-CD17-4AE6-9F3D-96BC9CEE7616}.Release|Any CPU.Build.0 = Release|Any CPU
		{DDC27DD7-A819-4FF5-87D6-962DA5DF072E}.Debug|Any CPU.ActiveCfg = Debug|Any CPU
		{DDC27DD7-A819-4FF5-87D6-962DA5DF072E}.Debug|Any CPU.Build.0 = Debug|Any CPU
		{DDC27DD7-A819-4FF5-87D6-962DA5DF072E}.Release|Any CPU.ActiveCfg = Release|Any CPU
		{DDC27DD7-A819-4FF5-87D6-962DA5DF072E}.Release|Any CPU.Build.0 = Release|Any CPU
		{38C7BA11-78D9-4D66-999B-BF4951BECF83}.Debug|Any CPU.ActiveCfg = Debug|Any CPU
		{38C7BA11-78D9-4D66-999B-BF4951BECF83}.Debug|Any CPU.Build.0 = Debug|Any CPU
		{38C7BA11-78D9-4D66-999B-BF4951BECF83}.Release|Any CPU.ActiveCfg = Release|Any CPU
		{38C7BA11-78D9-4D66-999B-BF4951BECF83}.Release|Any CPU.Build.0 = Release|Any CPU
		{EC733AE5-A381-4E4F-8045-EFE00DAA4C4D}.Debug|Any CPU.ActiveCfg = Debug|Any CPU
		{EC733AE5-A381-4E4F-8045-EFE00DAA4C4D}.Debug|Any CPU.Build.0 = Debug|Any CPU
		{EC733AE5-A381-4E4F-8045-EFE00DAA4C4D}.Release|Any CPU.ActiveCfg = Release|Any CPU
		{EC733AE5-A381-4E4F-8045-EFE00DAA4C4D}.Release|Any CPU.Build.0 = Release|Any CPU
		{17336377-8FE9-4107-991F-60835B0AAE67}.Debug|Any CPU.ActiveCfg = Debug|Any CPU
		{17336377-8FE9-4107-991F-60835B0AAE67}.Debug|Any CPU.Build.0 = Debug|Any CPU
		{17336377-8FE9-4107-991F-60835B0AAE67}.Release|Any CPU.ActiveCfg = Release|Any CPU
		{17336377-8FE9-4107-991F-60835B0AAE67}.Release|Any CPU.Build.0 = Release|Any CPU
		{C899B4E6-2B55-41C3-BFF5-2CCE21BE7C71}.Debug|Any CPU.ActiveCfg = Debug|Any CPU
		{C899B4E6-2B55-41C3-BFF5-2CCE21BE7C71}.Debug|Any CPU.Build.0 = Debug|Any CPU
		{C899B4E6-2B55-41C3-BFF5-2CCE21BE7C71}.Release|Any CPU.ActiveCfg = Release|Any CPU
		{C899B4E6-2B55-41C3-BFF5-2CCE21BE7C71}.Release|Any CPU.Build.0 = Release|Any CPU
	EndGlobalSection
	GlobalSection(SolutionProperties) = preSolution
		HideSolutionNode = FALSE
	EndGlobalSection
	GlobalSection(ExtensibilityGlobals) = postSolution
		SolutionGuid = {0E05F424-C67B-4534-98FE-364EF56024AC}
	EndGlobalSection
EndGlobal
